
Microsoft Visual Studio Solution File, Format Version 12.00
# Visual Studio Version 17
VisualStudioVersion = 17.5.33627.172
MinimumVisualStudioVersion = 10.0.40219.1
Project("{9A19103F-16F7-4668-BE54-9A1E7A4F7556}") = "PishmanBet", "PishmanBet\PishmanBet.csproj", "{8E6D27B6-CCC0-468E-B9E0-21F6B7983EE3}"
EndProject
Project("{9A19103F-16F7-4668-BE54-9A1E7A4F7556}") = "PishmanBet.Data", "PishmanBet.Data\PishmanBet.Data.csproj", "{56A220A9-408A-4ECF-841D-AD29CA6B867F}"
EndProject
Project("{9A19103F-16F7-4668-BE54-9A1E7A4F7556}") = "PishmanBet.Common", "PishmanBet.Common\PishmanBet.Common.csproj", "{8A128F9E-7A23-4FBE-9C2A-8691CEEFEAEA}"
EndProject
Project("{9A19103F-16F7-4668-BE54-9A1E7A4F7556}") = "PishmanBet.Services", "PishmanBet.Services\PishmanBet.Services.csproj", "{0575BB4C-0899-4A0B-8552-70F0AC64EAA2}"
EndProject
Project("{9A19103F-16F7-4668-BE54-9A1E7A4F7556}") = "PishmanBet.Data.ViewModels", "PishmanBet.Data.ViewModels\PishmanBet.Data.ViewModels.csproj", "{CD3BC272-7BEC-4F4D-B9B6-2F0223901C1A}"
EndProject
Project("{9A19103F-16F7-4668-BE54-9A1E7A4F7556}") = "PishmanBet.Data.Models", "PishmanBet.Data.Models\PishmanBet.Data.Models.csproj", "{1F8D4B8D-D84D-47FE-882D-976D2F14992E}"
EndProject
Project("{2150E333-8FDC-42A3-9474-1A3956D46DE8}") = "WEB", "WEB", "{E2D39AA6-8803-43D4-955D-E181F652C079}"
EndProject
Project("{2150E333-8FDC-42A3-9474-1A3956D46DE8}") = "Data", "Data", "{C7C3BEBC-524D-420D-92D1-3EDB86559731}"
EndProject
Project("{2150E333-8FDC-42A3-9474-1A3956D46DE8}") = "Core", "Core", "{57CDD1AC-B8A8-4BDF-97D8-9BA2AAD02A82}"
EndProject
Global
	GlobalSection(SolutionConfigurationPlatforms) = preSolution
		Debug|Any CPU = Debug|Any CPU
		Release|Any CPU = Release|Any CPU
	EndGlobalSection
	GlobalSection(ProjectConfigurationPlatforms) = postSolution
		{8E6D27B6-CCC0-468E-B9E0-21F6B7983EE3}.Debug|Any CPU.ActiveCfg = Debug|Any CPU
		{8E6D27B6-CCC0-468E-B9E0-21F6B7983EE3}.Debug|Any CPU.Build.0 = Debug|Any CPU
		{8E6D27B6-CCC0-468E-B9E0-21F6B7983EE3}.Release|Any CPU.ActiveCfg = Release|Any CPU
		{8E6D27B6-CCC0-468E-B9E0-21F6B7983EE3}.Release|Any CPU.Build.0 = Release|Any CPU
		{56A220A9-408A-4ECF-841D-AD29CA6B867F}.Debug|Any CPU.ActiveCfg = Debug|Any CPU
		{56A220A9-408A-4ECF-841D-AD29CA6B867F}.Debug|Any CPU.Build.0 = Debug|Any CPU
		{56A220A9-408A-4ECF-841D-AD29CA6B867F}.Release|Any CPU.ActiveCfg = Release|Any CPU
		{56A220A9-408A-4ECF-841D-AD29CA6B867F}.Release|Any CPU.Build.0 = Release|Any CPU
		{8A128F9E-7A23-4FBE-9C2A-8691CEEFEAEA}.Debug|Any CPU.ActiveCfg = Debug|Any CPU
		{8A128F9E-7A23-4FBE-9C2A-8691CEEFEAEA}.Debug|Any CPU.Build.0 = Debug|Any CPU
		{8A128F9E-7A23-4FBE-9C2A-8691CEEFEAEA}.Release|Any CPU.ActiveCfg = Release|Any CPU
		{8A128F9E-7A23-4FBE-9C2A-8691CEEFEAEA}.Release|Any CPU.Build.0 = Release|Any CPU
		{0575BB4C-0899-4A0B-8552-70F0AC64EAA2}.Debug|Any CPU.ActiveCfg = Debug|Any CPU
		{0575BB4C-0899-4A0B-8552-70F0AC64EAA2}.Debug|Any CPU.Build.0 = Debug|Any CPU
		{0575BB4C-0899-4A0B-8552-70F0AC64EAA2}.Release|Any CPU.ActiveCfg = Release|Any CPU
		{0575BB4C-0899-4A0B-8552-70F0AC64EAA2}.Release|Any CPU.Build.0 = Release|Any CPU
		{CD3BC272-7BEC-4F4D-B9B6-2F0223901C1A}.Debug|Any CPU.ActiveCfg = Debug|Any CPU
		{CD3BC272-7BEC-4F4D-B9B6-2F0223901C1A}.Debug|Any CPU.Build.0 = Debug|Any CPU
		{CD3BC272-7BEC-4F4D-B9B6-2F0223901C1A}.Release|Any CPU.ActiveCfg = Release|Any CPU
		{CD3BC272-7BEC-4F4D-B9B6-2F0223901C1A}.Release|Any CPU.Build.0 = Release|Any CPU
		{1F8D4B8D-D84D-47FE-882D-976D2F14992E}.Debug|Any CPU.ActiveCfg = Debug|Any CPU
		{1F8D4B8D-D84D-47FE-882D-976D2F14992E}.Debug|Any CPU.Build.0 = Debug|Any CPU
		{1F8D4B8D-D84D-47FE-882D-976D2F14992E}.Release|Any CPU.ActiveCfg = Release|Any CPU
		{1F8D4B8D-D84D-47FE-882D-976D2F14992E}.Release|Any CPU.Build.0 = Release|Any CPU
	EndGlobalSection
	GlobalSection(SolutionProperties) = preSolution
		HideSolutionNode = FALSE
	EndGlobalSection
	GlobalSection(NestedProjects) = preSolution
		{8E6D27B6-CCC0-468E-B9E0-21F6B7983EE3} = {E2D39AA6-8803-43D4-955D-E181F652C079}
		{56A220A9-408A-4ECF-841D-AD29CA6B867F} = {C7C3BEBC-524D-420D-92D1-3EDB86559731}
		{0575BB4C-0899-4A0B-8552-70F0AC64EAA2} = {57CDD1AC-B8A8-4BDF-97D8-9BA2AAD02A82}
		{CD3BC272-7BEC-4F4D-B9B6-2F0223901C1A} = {C7C3BEBC-524D-420D-92D1-3EDB86559731}
		{1F8D4B8D-D84D-47FE-882D-976D2F14992E} = {C7C3BEBC-524D-420D-92D1-3EDB86559731}
	EndGlobalSection
	GlobalSection(ExtensibilityGlobals) = postSolution
		SolutionGuid = {7BBE7725-F5FC-4020-B90A-DCD8212851BF}
	EndGlobalSection
EndGlobal
